// !$*UTF8*$!
{
	archiveVersion = 1;
	classes = {
	};
	objectVersion = 46;
	objects = {

/* Begin PBXBuildFile section */
		A6108457136ED4E900D42782 /* CWGeometry.h in Headers */ = {isa = PBXBuildFile; fileRef = A610844E136ED4E900D42782 /* CWGeometry.h */; };
		A6A42D56136988B00051E0C7 /* OpenGLES.framework in Frameworks */ = {isa = PBXBuildFile; fileRef = A6A42D55136988B00051E0C7 /* OpenGLES.framework */; };
		A6A97543136ABCA50065D9BE /* CWUIKit.h in Headers */ = {isa = PBXBuildFile; fileRef = A6A97542136ABCA50065D9BE /* CWUIKit.h */; };
		A6DAA6A21383E36000518CC8 /* CWColumnTableView.h in Headers */ = {isa = PBXBuildFile; fileRef = A6DAA69C1383E36000518CC8 /* CWColumnTableView.h */; };
		A6DAA6A31383E36000518CC8 /* CWColumnTableView.m in Sources */ = {isa = PBXBuildFile; fileRef = A6DAA69D1383E36000518CC8 /* CWColumnTableView.m */; };
		A6DAA6A41383E36000518CC8 /* CWColumnTableViewCell.h in Headers */ = {isa = PBXBuildFile; fileRef = A6DAA69E1383E36000518CC8 /* CWColumnTableViewCell.h */; };
		A6DAA6A51383E36000518CC8 /* CWColumnTableViewCell.m in Sources */ = {isa = PBXBuildFile; fileRef = A6DAA69F1383E36000518CC8 /* CWColumnTableViewCell.m */; };
		A6DAA6A61383E36000518CC8 /* CWTableViewCellBackgroundView.h in Headers */ = {isa = PBXBuildFile; fileRef = A6DAA6A01383E36000518CC8 /* CWTableViewCellBackgroundView.h */; };
		A6DAA6A71383E36000518CC8 /* CWTableViewCellBackgroundView.m in Sources */ = {isa = PBXBuildFile; fileRef = A6DAA6A11383E36000518CC8 /* CWTableViewCellBackgroundView.m */; };
		A6DAA6E11383E48C00518CC8 /* ColumnTableViewController.m in Sources */ = {isa = PBXBuildFile; fileRef = A6DAA6DB1383E48C00518CC8 /* ColumnTableViewController.m */; };
		A6DAA6E31383E48C00518CC8 /* main.m in Sources */ = {isa = PBXBuildFile; fileRef = A6DAA6DD1383E48C00518CC8 /* main.m */; };
		A6DAA6E41383E48C00518CC8 /* MainWindow.xib in Resources */ = {isa = PBXBuildFile; fileRef = A6DAA6DE1383E48C00518CC8 /* MainWindow.xib */; };
		A6DAA6E51383E48C00518CC8 /* SampleAppAppDelegate.m in Sources */ = {isa = PBXBuildFile; fileRef = A6DAA6E01383E48C00518CC8 /* SampleAppAppDelegate.m */; };
		A6DAA6EA1383E52700518CC8 /* libCWUIKit.a in Frameworks */ = {isa = PBXBuildFile; fileRef = D2AAC07E0554694100DB518D /* libCWUIKit.a */; };
		A6DAA7D41383E53000518CC8 /* OpenGLES.framework in Frameworks */ = {isa = PBXBuildFile; fileRef = A6A42D55136988B00051E0C7 /* OpenGLES.framework */; };
		A6DAA7D51383E53000518CC8 /* Foundation.framework in Frameworks */ = {isa = PBXBuildFile; fileRef = AACBBE490F95108600F1A2B1 /* Foundation.framework */; };
		A6DAA7D61383E53000518CC8 /* CoreGraphics.framework in Frameworks */ = {isa = PBXBuildFile; fileRef = A6ED9127136947C4002DCEE4 /* CoreGraphics.framework */; };
		A6DAA7D71383E53000518CC8 /* QuartzCore.framework in Frameworks */ = {isa = PBXBuildFile; fileRef = A6ED9129136947C4002DCEE4 /* QuartzCore.framework */; };
		A6DAA7D81383E53000518CC8 /* UIKit.framework in Frameworks */ = {isa = PBXBuildFile; fileRef = A6ED912B136947C4002DCEE4 /* UIKit.framework */; };
		A6ED9128136947C4002DCEE4 /* CoreGraphics.framework in Frameworks */ = {isa = PBXBuildFile; fileRef = A6ED9127136947C4002DCEE4 /* CoreGraphics.framework */; settings = {ATTRIBUTES = (Required, ); }; };
		A6ED912A136947C4002DCEE4 /* QuartzCore.framework in Frameworks */ = {isa = PBXBuildFile; fileRef = A6ED9129136947C4002DCEE4 /* QuartzCore.framework */; };
		A6ED912C136947C4002DCEE4 /* UIKit.framework in Frameworks */ = {isa = PBXBuildFile; fileRef = A6ED912B136947C4002DCEE4 /* UIKit.framework */; };
		AACBBE4A0F95108600F1A2B1 /* Foundation.framework in Frameworks */ = {isa = PBXBuildFile; fileRef = AACBBE490F95108600F1A2B1 /* Foundation.framework */; settings = {ATTRIBUTES = (Required, ); }; };
/* End PBXBuildFile section */

/* Begin PBXContainerItemProxy section */
		A6DAA6E81383E51700518CC8 /* PBXContainerItemProxy */ = {
			isa = PBXContainerItemProxy;
			containerPortal = 0867D690FE84028FC02AAC07 /* Project object */;
			proxyType = 1;
			remoteGlobalIDString = D2AAC07D0554694100DB518D;
			remoteInfo = CWUIKit;
		};
/* End PBXContainerItemProxy section */

/* Begin PBXFileReference section */
		A610844E136ED4E900D42782 /* CWGeometry.h */ = {isa = PBXFileReference; fileEncoding = 5; lastKnownFileType = sourcecode.c.h; name = CWGeometry.h; path = Classes/CWGeometry.h; sourceTree = "<group>"; };
		A6A42D55136988B00051E0C7 /* OpenGLES.framework */ = {isa = PBXFileReference; lastKnownFileType = wrapper.framework; name = OpenGLES.framework; path = System/Library/Frameworks/OpenGLES.framework; sourceTree = SDKROOT; };
		A6A97542136ABCA50065D9BE /* CWUIKit.h */ = {isa = PBXFileReference; fileEncoding = 4; lastKnownFileType = sourcecode.c.h; name = CWUIKit.h; path = Classes/CWUIKit.h; sourceTree = "<group>"; };
		A6DAA69C1383E36000518CC8 /* CWColumnTableView.h */ = {isa = PBXFileReference; fileEncoding = 5; lastKnownFileType = sourcecode.c.h; name = CWColumnTableView.h; path = Classes/CWColumnTableView.h; sourceTree = "<group>"; };
		A6DAA69D1383E36000518CC8 /* CWColumnTableView.m */ = {isa = PBXFileReference; fileEncoding = 5; lastKnownFileType = sourcecode.c.objc; name = CWColumnTableView.m; path = Classes/CWColumnTableView.m; sourceTree = "<group>"; };
		A6DAA69E1383E36000518CC8 /* CWColumnTableViewCell.h */ = {isa = PBXFileReference; fileEncoding = 5; lastKnownFileType = sourcecode.c.h; name = CWColumnTableViewCell.h; path = Classes/CWColumnTableViewCell.h; sourceTree = "<group>"; };
		A6DAA69F1383E36000518CC8 /* CWColumnTableViewCell.m */ = {isa = PBXFileReference; fileEncoding = 5; lastKnownFileType = sourcecode.c.objc; name = CWColumnTableViewCell.m; path = Classes/CWColumnTableViewCell.m; sourceTree = "<group>"; };
		A6DAA6A01383E36000518CC8 /* CWTableViewCellBackgroundView.h */ = {isa = PBXFileReference; fileEncoding = 5; lastKnownFileType = sourcecode.c.h; name = CWTableViewCellBackgroundView.h; path = Classes/CWTableViewCellBackgroundView.h; sourceTree = "<group>"; };
		A6DAA6A11383E36000518CC8 /* CWTableViewCellBackgroundView.m */ = {isa = PBXFileReference; fileEncoding = 5; lastKnownFileType = sourcecode.c.objc; name = CWTableViewCellBackgroundView.m; path = Classes/CWTableViewCellBackgroundView.m; sourceTree = "<group>"; };
		A6DAA6BE1383E40F00518CC8 /* ColumnTableViewSampleApp.app */ = {isa = PBXFileReference; explicitFileType = wrapper.application; includeInIndex = 0; path = ColumnTableViewSampleApp.app; sourceTree = BUILT_PRODUCTS_DIR; };
		A6DAA6DA1383E48C00518CC8 /* ColumnTableViewController.h */ = {isa = PBXFileReference; fileEncoding = 5; lastKnownFileType = sourcecode.c.h; path = ColumnTableViewController.h; sourceTree = "<group>"; };
		A6DAA6DB1383E48C00518CC8 /* ColumnTableViewController.m */ = {isa = PBXFileReference; fileEncoding = 5; lastKnownFileType = sourcecode.c.objc; path = ColumnTableViewController.m; sourceTree = "<group>"; };
		A6DAA6DC1383E48C00518CC8 /* ColumnTableViewSampleApp-Info.plist */ = {isa = PBXFileReference; fileEncoding = 5; lastKnownFileType = text.plist.xml; path = "ColumnTableViewSampleApp-Info.plist"; sourceTree = "<group>"; };
		A6DAA6DD1383E48C00518CC8 /* main.m */ = {isa = PBXFileReference; fileEncoding = 5; lastKnownFileType = sourcecode.c.objc; path = main.m; sourceTree = "<group>"; };
		A6DAA6DE1383E48C00518CC8 /* MainWindow.xib */ = {isa = PBXFileReference; lastKnownFileType = file.xib; path = MainWindow.xib; sourceTree = "<group>"; };
		A6DAA6DF1383E48C00518CC8 /* SampleAppAppDelegate.h */ = {isa = PBXFileReference; fileEncoding = 5; lastKnownFileType = sourcecode.c.h; path = SampleAppAppDelegate.h; sourceTree = "<group>"; };
		A6DAA6E01383E48C00518CC8 /* SampleAppAppDelegate.m */ = {isa = PBXFileReference; fileEncoding = 5; lastKnownFileType = sourcecode.c.objc; path = SampleAppAppDelegate.m; sourceTree = "<group>"; };
		A6ED907E1369476D002DCEE4 /* README */ = {isa = PBXFileReference; fileEncoding = 5; lastKnownFileType = text; path = README; sourceTree = "<group>"; };
		A6ED9127136947C4002DCEE4 /* CoreGraphics.framework */ = {isa = PBXFileReference; lastKnownFileType = wrapper.framework; name = CoreGraphics.framework; path = System/Library/Frameworks/CoreGraphics.framework; sourceTree = SDKROOT; };
		A6ED9129136947C4002DCEE4 /* QuartzCore.framework */ = {isa = PBXFileReference; lastKnownFileType = wrapper.framework; name = QuartzCore.framework; path = System/Library/Frameworks/QuartzCore.framework; sourceTree = SDKROOT; };
		A6ED912B136947C4002DCEE4 /* UIKit.framework */ = {isa = PBXFileReference; lastKnownFileType = wrapper.framework; name = UIKit.framework; path = System/Library/Frameworks/UIKit.framework; sourceTree = SDKROOT; };
		AACBBE490F95108600F1A2B1 /* Foundation.framework */ = {isa = PBXFileReference; lastKnownFileType = wrapper.framework; name = Foundation.framework; path = System/Library/Frameworks/Foundation.framework; sourceTree = SDKROOT; };
		D2AAC07E0554694100DB518D /* libCWUIKit.a */ = {isa = PBXFileReference; explicitFileType = archive.ar; includeInIndex = 0; path = libCWUIKit.a; sourceTree = BUILT_PRODUCTS_DIR; };
/* End PBXFileReference section */

/* Begin PBXFrameworksBuildPhase section */
		A6DAA6BC1383E40F00518CC8 /* Frameworks */ = {
			isa = PBXFrameworksBuildPhase;
			buildActionMask = 2147483647;
			files = (
				A6DAA7D41383E53000518CC8 /* OpenGLES.framework in Frameworks */,
				A6DAA7D51383E53000518CC8 /* Foundation.framework in Frameworks */,
				A6DAA7D61383E53000518CC8 /* CoreGraphics.framework in Frameworks */,
				A6DAA7D71383E53000518CC8 /* QuartzCore.framework in Frameworks */,
				A6DAA7D81383E53000518CC8 /* UIKit.framework in Frameworks */,
				A6DAA6EA1383E52700518CC8 /* libCWUIKit.a in Frameworks */,
			);
			runOnlyForDeploymentPostprocessing = 0;
		};
		D2AAC07C0554694100DB518D /* Frameworks */ = {
			isa = PBXFrameworksBuildPhase;
			buildActionMask = 2147483647;
			files = (
				AACBBE4A0F95108600F1A2B1 /* Foundation.framework in Frameworks */,
				A6ED9128136947C4002DCEE4 /* CoreGraphics.framework in Frameworks */,
				A6ED912A136947C4002DCEE4 /* QuartzCore.framework in Frameworks */,
				A6ED912C136947C4002DCEE4 /* UIKit.framework in Frameworks */,
				A6A42D56136988B00051E0C7 /* OpenGLES.framework in Frameworks */,
			);
			runOnlyForDeploymentPostprocessing = 0;
		};
/* End PBXFrameworksBuildPhase section */

/* Begin PBXGroup section */
		034768DFFF38A50411DB9C8B /* Products */ = {
			isa = PBXGroup;
			children = (
				D2AAC07E0554694100DB518D /* libCWUIKit.a */,
				A6DAA6BE1383E40F00518CC8 /* ColumnTableViewSampleApp.app */,
			);
			name = Products;
			sourceTree = "<group>";
		};
		0867D691FE84028FC02AAC07 /* CWUIKit */ = {
			isa = PBXGroup;
			children = (
				A6ED907E1369476D002DCEE4 /* README */,
				08FB77AEFE84172EC02AAC07 /* Classes */,
				A6ED901A13694715002DCEE4 /* Sample Classes */,
				0867D69AFE84028FC02AAC07 /* Frameworks */,
				034768DFFF38A50411DB9C8B /* Products */,
			);
			name = CWUIKit;
			sourceTree = "<group>";
		};
		0867D69AFE84028FC02AAC07 /* Frameworks */ = {
			isa = PBXGroup;
			children = (
				A6A42D55136988B00051E0C7 /* OpenGLES.framework */,
				AACBBE490F95108600F1A2B1 /* Foundation.framework */,
				A6ED9127136947C4002DCEE4 /* CoreGraphics.framework */,
				A6ED9129136947C4002DCEE4 /* QuartzCore.framework */,
				A6ED912B136947C4002DCEE4 /* UIKit.framework */,
			);
			name = Frameworks;
			sourceTree = "<group>";
		};
		08FB77AEFE84172EC02AAC07 /* Classes */ = {
			isa = PBXGroup;
			children = (
				A6A97542136ABCA50065D9BE /* CWUIKit.h */,
				A610844E136ED4E900D42782 /* CWGeometry.h */,
				A6DAA69C1383E36000518CC8 /* CWColumnTableView.h */,
				A6DAA69D1383E36000518CC8 /* CWColumnTableView.m */,
				A6DAA69E1383E36000518CC8 /* CWColumnTableViewCell.h */,
				A6DAA69F1383E36000518CC8 /* CWColumnTableViewCell.m */,
				A6DAA6A01383E36000518CC8 /* CWTableViewCellBackgroundView.h */,
				A6DAA6A11383E36000518CC8 /* CWTableViewCellBackgroundView.m */,
			);
			name = Classes;
			sourceTree = "<group>";
		};
		A6DAA6D91383E48C00518CC8 /* ColumnTableView */ = {
			isa = PBXGroup;
			children = (
				A6DAA6DC1383E48C00518CC8 /* ColumnTableViewSampleApp-Info.plist */,
				A6DAA6DA1383E48C00518CC8 /* ColumnTableViewController.h */,
				A6DAA6DB1383E48C00518CC8 /* ColumnTableViewController.m */,
				A6DAA6DD1383E48C00518CC8 /* main.m */,
				A6DAA6DF1383E48C00518CC8 /* SampleAppAppDelegate.h */,
				A6DAA6E01383E48C00518CC8 /* SampleAppAppDelegate.m */,
				A6DAA6DE1383E48C00518CC8 /* MainWindow.xib */,
			);
			name = ColumnTableView;
			path = "Sample Classes/ColumnTableView";
			sourceTree = "<group>";
		};
		A6ED901A13694715002DCEE4 /* Sample Classes */ = {
			isa = PBXGroup;
			children = (
				A6DAA6D91383E48C00518CC8 /* ColumnTableView */,
			);
			name = "Sample Classes";
			sourceTree = "<group>";
		};
/* End PBXGroup section */

/* Begin PBXHeadersBuildPhase section */
		D2AAC07A0554694100DB518D /* Headers */ = {
			isa = PBXHeadersBuildPhase;
			buildActionMask = 2147483647;
			files = (
				A6A97543136ABCA50065D9BE /* CWUIKit.h in Headers */,
				A6108457136ED4E900D42782 /* CWGeometry.h in Headers */,
				A6DAA6A21383E36000518CC8 /* CWColumnTableView.h in Headers */,
				A6DAA6A41383E36000518CC8 /* CWColumnTableViewCell.h in Headers */,
				A6DAA6A61383E36000518CC8 /* CWTableViewCellBackgroundView.h in Headers */,
			);
			runOnlyForDeploymentPostprocessing = 0;
		};
/* End PBXHeadersBuildPhase section */

/* Begin PBXNativeTarget section */
		A6DAA6BD1383E40F00518CC8 /* ColumnTableViewSampleApp */ = {
			isa = PBXNativeTarget;
			buildConfigurationList = A6DAA6C61383E41000518CC8 /* Build configuration list for PBXNativeTarget "ColumnTableViewSampleApp" */;
			buildPhases = (
				A6DAA6BA1383E40F00518CC8 /* Resources */,
				A6DAA6BB1383E40F00518CC8 /* Sources */,
				A6DAA6BC1383E40F00518CC8 /* Frameworks */,
			);
			buildRules = (
			);
			dependencies = (
				A6DAA6E91383E51700518CC8 /* PBXTargetDependency */,
			);
			name = ColumnTableViewSampleApp;
			productName = ColumnTableViewSampleApp;
			productReference = A6DAA6BE1383E40F00518CC8 /* ColumnTableViewSampleApp.app */;
			productType = "com.apple.product-type.application";
		};
		D2AAC07D0554694100DB518D /* CWUIKit */ = {
			isa = PBXNativeTarget;
			buildConfigurationList = 1DEB921E08733DC00010E9CD /* Build configuration list for PBXNativeTarget "CWUIKit" */;
			buildPhases = (
				D2AAC07A0554694100DB518D /* Headers */,
				D2AAC07B0554694100DB518D /* Sources */,
				D2AAC07C0554694100DB518D /* Frameworks */,
			);
			buildRules = (
			);
			dependencies = (
			);
			name = CWUIKit;
			productName = CWUIKit;
			productReference = D2AAC07E0554694100DB518D /* libCWUIKit.a */;
			productType = "com.apple.product-type.library.static";
		};
/* End PBXNativeTarget section */

/* Begin PBXProject section */
		0867D690FE84028FC02AAC07 /* Project object */ = {
			isa = PBXProject;
			attributes = {
				LastUpgradeCheck = 0420;
			};
			buildConfigurationList = 1DEB922208733DC00010E9CD /* Build configuration list for PBXProject "CWUIKit" */;
			compatibilityVersion = "Xcode 3.2";
			developmentRegion = English;
			hasScannedForEncodings = 1;
			knownRegions = (
				English,
				Japanese,
				French,
				German,
			);
			mainGroup = 0867D691FE84028FC02AAC07 /* CWUIKit */;
			productRefGroup = 034768DFFF38A50411DB9C8B /* Products */;
			projectDirPath = "";
			projectRoot = "";
			targets = (
				D2AAC07D0554694100DB518D /* CWUIKit */,
				A6DAA6BD1383E40F00518CC8 /* ColumnTableViewSampleApp */,
			);
		};
/* End PBXProject section */

/* Begin PBXResourcesBuildPhase section */
		A6DAA6BA1383E40F00518CC8 /* Resources */ = {
			isa = PBXResourcesBuildPhase;
			buildActionMask = 2147483647;
			files = (
				A6DAA6E41383E48C00518CC8 /* MainWindow.xib in Resources */,
			);
			runOnlyForDeploymentPostprocessing = 0;
		};
/* End PBXResourcesBuildPhase section */

/* Begin PBXSourcesBuildPhase section */
		A6DAA6BB1383E40F00518CC8 /* Sources */ = {
			isa = PBXSourcesBuildPhase;
			buildActionMask = 2147483647;
			files = (
				A6DAA6E11383E48C00518CC8 /* ColumnTableViewController.m in Sources */,
				A6DAA6E31383E48C00518CC8 /* main.m in Sources */,
				A6DAA6E51383E48C00518CC8 /* SampleAppAppDelegate.m in Sources */,
			);
			runOnlyForDeploymentPostprocessing = 0;
		};
		D2AAC07B0554694100DB518D /* Sources */ = {
			isa = PBXSourcesBuildPhase;
			buildActionMask = 2147483647;
			files = (
				A6DAA6A31383E36000518CC8 /* CWColumnTableView.m in Sources */,
				A6DAA6A51383E36000518CC8 /* CWColumnTableViewCell.m in Sources */,
				A6DAA6A71383E36000518CC8 /* CWTableViewCellBackgroundView.m in Sources */,
			);
			runOnlyForDeploymentPostprocessing = 0;
		};
/* End PBXSourcesBuildPhase section */

/* Begin PBXTargetDependency section */
		A6DAA6E91383E51700518CC8 /* PBXTargetDependency */ = {
			isa = PBXTargetDependency;
			target = D2AAC07D0554694100DB518D /* CWUIKit */;
			targetProxy = A6DAA6E81383E51700518CC8 /* PBXContainerItemProxy */;
		};
/* End PBXTargetDependency section */

/* Begin XCBuildConfiguration section */
		1DEB921F08733DC00010E9CD /* Debug */ = {
			isa = XCBuildConfiguration;
			buildSettings = {
				ALWAYS_SEARCH_USER_PATHS = NO;
				ARCHS = (
					armv6,
					armv7,
				);
				CLANG_ENABLE_OBJC_ARC = YES;
				COPY_PHASE_STRIP = NO;
				DSTROOT = /tmp/CWUIKit.dst;
				GCC_DYNAMIC_NO_PIC = NO;
				GCC_MODEL_TUNING = G5;
				GCC_OPTIMIZATION_LEVEL = 0;
				GCC_PRECOMPILE_PREFIX_HEADER = YES;
				INSTALL_PATH = /usr/local/lib;
				PRODUCT_NAME = CWUIKit;
			};
			name = Debug;
		};
		1DEB922008733DC00010E9CD /* Release */ = {
			isa = XCBuildConfiguration;
			buildSettings = {
				ALWAYS_SEARCH_USER_PATHS = NO;
				ARCHS = (
					armv6,
					armv7,
				);
				CLANG_ENABLE_OBJC_ARC = YES;
				DSTROOT = /tmp/CWUIKit.dst;
				GCC_MODEL_TUNING = G5;
				GCC_PRECOMPILE_PREFIX_HEADER = YES;
				INSTALL_PATH = /usr/local/lib;
				PRODUCT_NAME = CWUIKit;
			};
			name = Release;
		};
		1DEB922308733DC00010E9CD /* Debug */ = {
			isa = XCBuildConfiguration;
			buildSettings = {
				ARCHS = (
					armv6,
					armv7,
				);
				GCC_C_LANGUAGE_STANDARD = c99;
				GCC_OPTIMIZATION_LEVEL = 0;
				GCC_VERSION = com.apple.compilers.llvm.clang.1_0;
				GCC_WARN_ABOUT_RETURN_TYPE = YES;
				GCC_WARN_UNUSED_VARIABLE = YES;
				OTHER_LDFLAGS = (
					"-all_load",
					"-ObjC",
				);
				RUN_CLANG_STATIC_ANALYZER = YES;
				SDKROOT = iphoneos;
				SKIP_INSTALL = YES;
				USER_HEADER_SEARCH_PATHS = "../**";
			};
			name = Debug;
		};
		1DEB922408733DC00010E9CD /* Release */ = {
			isa = XCBuildConfiguration;
			buildSettings = {
				ARCHS = (
					armv6,
					armv7,
				);
				GCC_C_LANGUAGE_STANDARD = c99;
				GCC_VERSION = com.apple.compilers.llvm.clang.1_0;
				GCC_WARN_ABOUT_RETURN_TYPE = YES;
				GCC_WARN_UNUSED_VARIABLE = YES;
				OTHER_LDFLAGS = (
					"-all_load",
					"-ObjC",
				);
				RUN_CLANG_STATIC_ANALYZER = YES;
				SDKROOT = iphoneos;
				SKIP_INSTALL = YES;
				USER_HEADER_SEARCH_PATHS = "../**";
			};
			name = Release;
		};
		A6DAA6C11383E41000518CC8 /* Debug */ = {
			isa = XCBuildConfiguration;
			buildSettings = {
				ALWAYS_SEARCH_USER_PATHS = NO;
				CLANG_ENABLE_OBJC_ARC = YES;
				CODE_SIGN_IDENTITY = "iPhone Developer";
				COPY_PHASE_STRIP = NO;
				GCC_DYNAMIC_NO_PIC = NO;
				GCC_OPTIMIZATION_LEVEL = 0;
				GCC_PRECOMPILE_PREFIX_HEADER = YES;
				GCC_PREFIX_HEADER = "$(SYSTEM_LIBRARY_DIR)/Frameworks/UIKit.framework/Headers/UIKit.h";
				INFOPLIST_FILE = "Sample Classes/ColumnTableView/ColumnTableViewSampleApp-Info.plist";
				INSTALL_PATH = "$(HOME)/Applications";
				OTHER_LDFLAGS = (
					"-framework",
					Foundation,
					"-framework",
					UIKit,
				);
				PRODUCT_NAME = ColumnTableViewSampleApp;
				SDKROOT = iphoneos;
				TARGETED_DEVICE_FAMILY = "1,2";
			};
			name = Debug;
		};
		A6DAA6C21383E41000518CC8 /* Release */ = {
			isa = XCBuildConfiguration;
			buildSettings = {
				ALWAYS_SEARCH_USER_PATHS = NO;
				CLANG_ENABLE_OBJC_ARC = YES;
				CODE_SIGN_IDENTITY = "iPhone Developer";
				COPY_PHASE_STRIP = YES;
				DEBUG_INFORMATION_FORMAT = "dwarf-with-dsym";
				GCC_PRECOMPILE_PREFIX_HEADER = YES;
				GCC_PREFIX_HEADER = "$(SYSTEM_LIBRARY_DIR)/Frameworks/UIKit.framework/Headers/UIKit.h";
				INFOPLIST_FILE = "Sample Classes/ColumnTableView/ColumnTableViewSampleApp-Info.plist";
				INSTALL_PATH = "$(HOME)/Applications";
				OTHER_LDFLAGS = (
					"-framework",
					Foundation,
					"-framework",
					UIKit,
				);
				PRODUCT_NAME = ColumnTableViewSampleApp;
				SDKROOT = iphoneos;
				TARGETED_DEVICE_FAMILY = "1,2";
				ZERO_LINK = NO;
			};
			name = Release;
		};
/* End XCBuildConfiguration section */

/* Begin XCConfigurationList section */
		1DEB921E08733DC00010E9CD /* Build configuration list for PBXNativeTarget "CWUIKit" */ = {
			isa = XCConfigurationList;
			buildConfigurations = (
				1DEB921F08733DC00010E9CD /* Debug */,
				1DEB922008733DC00010E9CD /* Release */,
			);
			defaultConfigurationIsVisible = 0;
			defaultConfigurationName = Release;
		};
		1DEB922208733DC00010E9CD /* Build configuration list for PBXProject "CWUIKit" */ = {
			isa = XCConfigurationList;
			buildConfigurations = (
				1DEB922308733DC00010E9CD /* Debug */,
				1DEB922408733DC00010E9CD /* Release */,
			);
			defaultConfigurationIsVisible = 0;
			defaultConfigurationName = Release;
		};
		A6DAA6C61383E41000518CC8 /* Build configuration list for PBXNativeTarget "ColumnTableViewSampleApp" */ = {
			isa = XCConfigurationList;
			buildConfigurations = (
				A6DAA6C11383E41000518CC8 /* Debug */,
				A6DAA6C21383E41000518CC8 /* Release */,
			);
			defaultConfigurationIsVisible = 0;
			defaultConfigurationName = Release;
		};
/* End XCConfigurationList section */
	};
	rootObject = 0867D690FE84028FC02AAC07 /* Project object */;
}
